
Microsoft Visual Studio Solution File, Format Version 12.00
# Visual Studio Version 17
VisualStudioVersion = 17.0.31903.59
MinimumVisualStudioVersion = 10.0.40219.1
Project("{FAE04EC0-301F-11D3-BF4B-00C04F79EFBC}") = "HMS.Api", "src\HMS.Api\HMS.Api.csproj", "{E3058938-1E73-4720-A2A8-40C8B1197D08}"
EndProject
Project("{FAE04EC0-301F-11D3-BF4B-00C04F79EFBC}") = "HMS.Modules.Identity", "src\Modules\Identity\HMS.Modules.Identity\HMS.Modules.Identity.csproj", "{2776182B-2CFF-4CF8-9DF0-B61D4728C786}"
EndProject
Project("{FAE04EC0-301F-11D3-BF4B-00C04F79EFBC}") = "HMS.Modules.Patients", "src\Modules\Patients\HMS.Modules.Patients\HMS.Modules.Patients.csproj", "{9F56C88B-E9FC-4F37-972E-5F54B4B96CF0}"
EndProject
Project("{FAE04EC0-301F-11D3-BF4B-00C04F79EFBC}") = "HMS.Modules.Appointments", "src\Modules\Appointments\HMS.Modules.Appointments\HMS.Modules.Appointments.csproj", "{3FB49E4F-F318-489F-9245-FA11F20C41D1}"
EndProject
Project("{FAE04EC0-301F-11D3-BF4B-00C04F79EFBC}") = "HMS.Modules.Staff", "src\Modules\Staff\HMS.Modules.Staff\HMS.Modules.Staff.csproj", "{1069048E-2C30-4985-A542-E4D1ABEFDBD9}"
EndProject
Project("{FAE04EC0-301F-11D3-BF4B-00C04F79EFBC}") = "HMS.Modules.Billing", "src\Modules\Billing\HMS.Modules.Billing\HMS.Modules.Billing.csproj", "{83F394A7-097F-4FED-90D1-38E04F041656}"
EndProject
Project("{FAE04EC0-301F-11D3-BF4B-00C04F79EFBC}") = "HMS.Modules.Notifications", "src\Modules\Notifications\HMS.Modules.Notifications\HMS.Modules.Notifications.csproj", "{3A23B637-FCF0-41F1-9628-A3842B7A9647}"
EndProject
Project("{FAE04EC0-301F-11D3-BF4B-00C04F79EFBC}") = "HMS.Shared.Kernel", "src\Shared\HMS.Shared.Kernel\HMS.Shared.Kernel.csproj", "{91AEBA81-3F70-414C-AB94-7B05DD157787}"
EndProject
Project("{FAE04EC0-301F-11D3-BF4B-00C04F79EFBC}") = "HMS.Shared.Infrastructure", "src\Shared\HMS.Shared.Infrastructure\HMS.Shared.Infrastructure.csproj", "{33072376-583C-4051-B8D6-C6D5D26E43C9}"
EndProject
Project("{FAE04EC0-301F-11D3-BF4B-00C04F79EFBC}") = "HMS.Database.Migrations", "src\Database\HMS.Database.Migrations\HMS.Database.Migrations.csproj", "{FBED639C-43B0-44D5-8EAB-B7C8FB6645A4}"
EndProject
Project("{FAE04EC0-301F-11D3-BF4B-00C04F79EFBC}") = "HMS.UnitTests", "tests\HMS.UnitTests\HMS.UnitTests.csproj", "{50274AE7-4888-4EDB-91BA-31958DAECC43}"
EndProject
Project("{FAE04EC0-301F-11D3-BF4B-00C04F79EFBC}") = "HMS.IntegrationTests", "tests\HMS.IntegrationTests\HMS.IntegrationTests.csproj", "{1A2139D7-83F5-4A3C-A52F-017281FF96EE}"
EndProject
Project("{FAE04EC0-301F-11D3-BF4B-00C04F79EFBC}") = "HMS.ArchitectureTests", "tests\HMS.ArchitectureTests\HMS.ArchitectureTests.csproj", "{43C63942-ED4E-44C2-9564-704793F2A95D}"
EndProject
Project("{2150E333-8FDC-42A3-9474-1A3956D46DE8}") = "src", "src", "{827E0CD3-B72D-47B6-A68D-7590B98EB39B}"
EndProject
Project("{2150E333-8FDC-42A3-9474-1A3956D46DE8}") = "Modules", "Modules", "{EC447DCF-ABFA-6E24-52A5-D7FD48A5C558}"
EndProject
Project("{2150E333-8FDC-42A3-9474-1A3956D46DE8}") = "Branding", "Branding", "{262D827D-8DD8-CC1F-F6BF-98699675A866}"
EndProject
Project("{FAE04EC0-301F-11D3-BF4B-00C04F79EFBC}") = "HMS.Modules.Branding", "src\Modules\Branding\HMS.Modules.Branding\HMS.Modules.Branding.csproj", "{763DBBD1-A1F0-47E3-BDEF-654FF9031B49}"
EndProject
Project("{2150E333-8FDC-42A3-9474-1A3956D46DE8}") = "Shared", "Shared", "{C8E42992-5E42-0C2B-DBFE-AA848D06431C}"
EndProject
Project("{2150E333-8FDC-42A3-9474-1A3956D46DE8}") = "Masters", "Masters", "{1C7480F8-29E4-68B4-61CF-C87BD98F0CF8}"
EndProject
Project("{FAE04EC0-301F-11D3-BF4B-00C04F79EFBC}") = "HMS.Modules.Masters", "src\Modules\Masters\HMS.Modules.Masters\HMS.Modules.Masters.csproj", "{AC888770-D7A9-4D38-8886-5F8603951487}"
EndProject
Project("{2150E333-8FDC-42A3-9474-1A3956D46DE8}") = "Products", "Products", "{AC5A40E2-7F21-4A97-902A-F60720C05535}"
EndProject
Project("{FAE04EC0-301F-11D3-BF4B-00C04F79EFBC}") = "HMS.Modules.Products", "src\Modules\Products\HMS.Modules.Products\HMS.Modules.Products.csproj", "{B967E68C-464E-4162-879E-FEDFA4FCD81F}"
EndProject
Project("{2150E333-8FDC-42A3-9474-1A3956D46DE8}") = "Documents", "Documents", "{09A91B6C-79E6-0968-6169-7E6887562B47}"
EndProject
Project("{FAE04EC0-301F-11D3-BF4B-00C04F79EFBC}") = "HMS.Modules.Documents", "src\Modules\Documents\HMS.Modules.Documents\HMS.Modules.Documents.csproj", "{B0911DDB-9826-4354-B311-2034E47D6562}"
EndProject
Project("{2150E333-8FDC-42A3-9474-1A3956D46DE8}") = "IPD", "IPD", "{D8FFEC92-7B82-9F9A-1DD0-A946FFC51E20}"
EndProject
Project("{FAE04EC0-301F-11D3-BF4B-00C04F79EFBC}") = "HMS.Modules.IPD", "src\Modules\IPD\HMS.Modules.IPD\HMS.Modules.IPD.csproj", "{652EB7AD-32F9-449F-A25F-1801CBA4E70E}"
EndProject
Project("{2150E333-8FDC-42A3-9474-1A3956D46DE8}") = "Patients", "Patients", "{397E7A55-D285-C515-153E-84DDD2B9FF92}"
EndProject
Project("{FAE04EC0-301F-11D3-BF4B-00C04F79EFBC}") = "HMS.Modules.Pharmacy", "src\Modules\Pharmacy\HMS.Modules.Pharmacy\HMS.Modules.Pharmacy.csproj", "{BB7A7D4F-E952-4550-9D9E-82C3B2784D9E}"
EndProject
Global
	GlobalSection(SolutionConfigurationPlatforms) = preSolution
		Debug|Any CPU = Debug|Any CPU
		Debug|x64 = Debug|x64
		Debug|x86 = Debug|x86
		Release|Any CPU = Release|Any CPU
		Release|x64 = Release|x64
		Release|x86 = Release|x86
	EndGlobalSection
	GlobalSection(ProjectConfigurationPlatforms) = postSolution
		{E3058938-1E73-4720-A2A8-40C8B1197D08}.Debug|Any CPU.ActiveCfg = Debug|Any CPU
		{E3058938-1E73-4720-A2A8-40C8B1197D08}.Debug|Any CPU.Build.0 = Debug|Any CPU
		{E3058938-1E73-4720-A2A8-40C8B1197D08}.Debug|x64.ActiveCfg = Debug|Any CPU
		{E3058938-1E73-4720-A2A8-40C8B1197D08}.Debug|x64.Build.0 = Debug|Any CPU
		{E3058938-1E73-4720-A2A8-40C8B1197D08}.Debug|x86.ActiveCfg = Debug|Any CPU
		{E3058938-1E73-4720-A2A8-40C8B1197D08}.Debug|x86.Build.0 = Debug|Any CPU
		{E3058938-1E73-4720-A2A8-40C8B1197D08}.Release|Any CPU.ActiveCfg = Release|Any CPU
		{E3058938-1E73-4720-A2A8-40C8B1197D08}.Release|Any CPU.Build.0 = Release|Any CPU
		{E3058938-1E73-4720-A2A8-40C8B1197D08}.Release|x64.ActiveCfg = Release|Any CPU
		{E3058938-1E73-4720-A2A8-40C8B1197D08}.Release|x64.Build.0 = Release|Any CPU
		{E3058938-1E73-4720-A2A8-40C8B1197D08}.Release|x86.ActiveCfg = Release|Any CPU
		{E3058938-1E73-4720-A2A8-40C8B1197D08}.Release|x86.Build.0 = Release|Any CPU
		{2776182B-2CFF-4CF8-9DF0-B61D4728C786}.Debug|Any CPU.ActiveCfg = Debug|Any CPU
		{2776182B-2CFF-4CF8-9DF0-B61D4728C786}.Debug|Any CPU.Build.0 = Debug|Any CPU
		{2776182B-2CFF-4CF8-9DF0-B61D4728C786}.Debug|x64.ActiveCfg = Debug|Any CPU
		{2776182B-2CFF-4CF8-9DF0-B61D4728C786}.Debug|x64.Build.0 = Debug|Any CPU
		{2776182B-2CFF-4CF8-9DF0-B61D4728C786}.Debug|x86.ActiveCfg = Debug|Any CPU
		{2776182B-2CFF-4CF8-9DF0-B61D4728C786}.Debug|x86.Build.0 = Debug|Any CPU
		{2776182B-2CFF-4CF8-9DF0-B61D4728C786}.Release|Any CPU.ActiveCfg = Release|Any CPU
		{2776182B-2CFF-4CF8-9DF0-B61D4728C786}.Release|Any CPU.Build.0 = Release|Any CPU
		{2776182B-2CFF-4CF8-9DF0-B61D4728C786}.Release|x64.ActiveCfg = Release|Any CPU
		{2776182B-2CFF-4CF8-9DF0-B61D4728C786}.Release|x64.Build.0 = Release|Any CPU
		{2776182B-2CFF-4CF8-9DF0-B61D4728C786}.Release|x86.ActiveCfg = Release|Any CPU
		{2776182B-2CFF-4CF8-9DF0-B61D4728C786}.Release|x86.Build.0 = Release|Any CPU
		{9F56C88B-E9FC-4F37-972E-5F54B4B96CF0}.Debug|Any CPU.ActiveCfg = Debug|Any CPU
		{9F56C88B-E9FC-4F37-972E-5F54B4B96CF0}.Debug|Any CPU.Build.0 = Debug|Any CPU
		{9F56C88B-E9FC-4F37-972E-5F54B4B96CF0}.Debug|x64.ActiveCfg = Debug|Any CPU
		{9F56C88B-E9FC-4F37-972E-5F54B4B96CF0}.Debug|x64.Build.0 = Debug|Any CPU
		{9F56C88B-E9FC-4F37-972E-5F54B4B96CF0}.Debug|x86.ActiveCfg = Debug|Any CPU
		{9F56C88B-E9FC-4F37-972E-5F54B4B96CF0}.Debug|x86.Build.0 = Debug|Any CPU
		{9F56C88B-E9FC-4F37-972E-5F54B4B96CF0}.Release|Any CPU.ActiveCfg = Release|Any CPU
		{9F56C88B-E9FC-4F37-972E-5F54B4B96CF0}.Release|Any CPU.Build.0 = Release|Any CPU
		{9F56C88B-E9FC-4F37-972E-5F54B4B96CF0}.Release|x64.ActiveCfg = Release|Any CPU
		{9F56C88B-E9FC-4F37-972E-5F54B4B96CF0}.Release|x64.Build.0 = Release|Any CPU
		{9F56C88B-E9FC-4F37-972E-5F54B4B96CF0}.Release|x86.ActiveCfg = Release|Any CPU
		{9F56C88B-E9FC-4F37-972E-5F54B4B96CF0}.Release|x86.Build.0 = Release|Any CPU
		{3FB49E4F-F318-489F-9245-FA11F20C41D1}.Debug|Any CPU.ActiveCfg = Debug|Any CPU
		{3FB49E4F-F318-489F-9245-FA11F20C41D1}.Debug|Any CPU.Build.0 = Debug|Any CPU
		{3FB49E4F-F318-489F-9245-FA11F20C41D1}.Debug|x64.ActiveCfg = Debug|Any CPU
		{3FB49E4F-F318-489F-9245-FA11F20C41D1}.Debug|x64.Build.0 = Debug|Any CPU
		{3FB49E4F-F318-489F-9245-FA11F20C41D1}.Debug|x86.ActiveCfg = Debug|Any CPU
		{3FB49E4F-F318-489F-9245-FA11F20C41D1}.Debug|x86.Build.0 = Debug|Any CPU
		{3FB49E4F-F318-489F-9245-FA11F20C41D1}.Release|Any CPU.ActiveCfg = Release|Any CPU
		{3FB49E4F-F318-489F-9245-FA11F20C41D1}.Release|Any CPU.Build.0 = Release|Any CPU
		{3FB49E4F-F318-489F-9245-FA11F20C41D1}.Release|x64.ActiveCfg = Release|Any CPU
		{3FB49E4F-F318-489F-9245-FA11F20C41D1}.Release|x64.Build.0 = Release|Any CPU
		{3FB49E4F-F318-489F-9245-FA11F20C41D1}.Release|x86.ActiveCfg = Release|Any CPU
		{3FB49E4F-F318-489F-9245-FA11F20C41D1}.Release|x86.Build.0 = Release|Any CPU
		{1069048E-2C30-4985-A542-E4D1ABEFDBD9}.Debug|Any CPU.ActiveCfg = Debug|Any CPU
		{1069048E-2C30-4985-A542-E4D1ABEFDBD9}.Debug|Any CPU.Build.0 = Debug|Any CPU
		{1069048E-2C30-4985-A542-E4D1ABEFDBD9}.Debug|x64.ActiveCfg = Debug|Any CPU
		{1069048E-2C30-4985-A542-E4D1ABEFDBD9}.Debug|x64.Build.0 = Debug|Any CPU
		{1069048E-2C30-4985-A542-E4D1ABEFDBD9}.Debug|x86.ActiveCfg = Debug|Any CPU
		{1069048E-2C30-4985-A542-E4D1ABEFDBD9}.Debug|x86.Build.0 = Debug|Any CPU
		{1069048E-2C30-4985-A542-E4D1ABEFDBD9}.Release|Any CPU.ActiveCfg = Release|Any CPU
		{1069048E-2C30-4985-A542-E4D1ABEFDBD9}.Release|Any CPU.Build.0 = Release|Any CPU
		{1069048E-2C30-4985-A542-E4D1ABEFDBD9}.Release|x64.ActiveCfg = Release|Any CPU
		{1069048E-2C30-4985-A542-E4D1ABEFDBD9}.Release|x64.Build.0 = Release|Any CPU
		{1069048E-2C30-4985-A542-E4D1ABEFDBD9}.Release|x86.ActiveCfg = Release|Any CPU
		{1069048E-2C30-4985-A542-E4D1ABEFDBD9}.Release|x86.Build.0 = Release|Any CPU
		{83F394A7-097F-4FED-90D1-38E04F041656}.Debug|Any CPU.ActiveCfg = Debug|Any CPU
		{83F394A7-097F-4FED-90D1-38E04F041656}.Debug|Any CPU.Build.0 = Debug|Any CPU
		{83F394A7-097F-4FED-90D1-38E04F041656}.Debug|x64.ActiveCfg = Debug|Any CPU
		{83F394A7-097F-4FED-90D1-38E04F041656}.Debug|x64.Build.0 = Debug|Any CPU
		{83F394A7-097F-4FED-90D1-38E04F041656}.Debug|x86.ActiveCfg = Debug|Any CPU
		{83F394A7-097F-4FED-90D1-38E04F041656}.Debug|x86.Build.0 = Debug|Any CPU
		{83F394A7-097F-4FED-90D1-38E04F041656}.Release|Any CPU.ActiveCfg = Release|Any CPU
		{83F394A7-097F-4FED-90D1-38E04F041656}.Release|Any CPU.Build.0 = Release|Any CPU
		{83F394A7-097F-4FED-90D1-38E04F041656}.Release|x64.ActiveCfg = Release|Any CPU
		{83F394A7-097F-4FED-90D1-38E04F041656}.Release|x64.Build.0 = Release|Any CPU
		{83F394A7-097F-4FED-90D1-38E04F041656}.Release|x86.ActiveCfg = Release|Any CPU
		{83F394A7-097F-4FED-90D1-38E04F041656}.Release|x86.Build.0 = Release|Any CPU
		{3A23B637-FCF0-41F1-9628-A3842B7A9647}.Debug|Any CPU.ActiveCfg = Debug|Any CPU
		{3A23B637-FCF0-41F1-9628-A3842B7A9647}.Debug|Any CPU.Build.0 = Debug|Any CPU
		{3A23B637-FCF0-41F1-9628-A3842B7A9647}.Debug|x64.ActiveCfg = Debug|Any CPU
		{3A23B637-FCF0-41F1-9628-A3842B7A9647}.Debug|x64.Build.0 = Debug|Any CPU
		{3A23B637-FCF0-41F1-9628-A3842B7A9647}.Debug|x86.ActiveCfg = Debug|Any CPU
		{3A23B637-FCF0-41F1-9628-A3842B7A9647}.Debug|x86.Build.0 = Debug|Any CPU
		{3A23B637-FCF0-41F1-9628-A3842B7A9647}.Release|Any CPU.ActiveCfg = Release|Any CPU
		{3A23B637-FCF0-41F1-9628-A3842B7A9647}.Release|Any CPU.Build.0 = Release|Any CPU
		{3A23B637-FCF0-41F1-9628-A3842B7A9647}.Release|x64.ActiveCfg = Release|Any CPU
		{3A23B637-FCF0-41F1-9628-A3842B7A9647}.Release|x64.Build.0 = Release|Any CPU
		{3A23B637-FCF0-41F1-9628-A3842B7A9647}.Release|x86.ActiveCfg = Release|Any CPU
		{3A23B637-FCF0-41F1-9628-A3842B7A9647}.Release|x86.Build.0 = Release|Any CPU
		{91AEBA81-3F70-414C-AB94-7B05DD157787}.Debug|Any CPU.ActiveCfg = Debug|Any CPU
		{91AEBA81-3F70-414C-AB94-7B05DD157787}.Debug|Any CPU.Build.0 = Debug|Any CPU
		{91AEBA81-3F70-414C-AB94-7B05DD157787}.Debug|x64.ActiveCfg = Debug|Any CPU
		{91AEBA81-3F70-414C-AB94-7B05DD157787}.Debug|x64.Build.0 = Debug|Any CPU
		{91AEBA81-3F70-414C-AB94-7B05DD157787}.Debug|x86.ActiveCfg = Debug|Any CPU
		{91AEBA81-3F70-414C-AB94-7B05DD157787}.Debug|x86.Build.0 = Debug|Any CPU
		{91AEBA81-3F70-414C-AB94-7B05DD157787}.Release|Any CPU.ActiveCfg = Release|Any CPU
		{91AEBA81-3F70-414C-AB94-7B05DD157787}.Release|Any CPU.Build.0 = Release|Any CPU
		{91AEBA81-3F70-414C-AB94-7B05DD157787}.Release|x64.ActiveCfg = Release|Any CPU
		{91AEBA81-3F70-414C-AB94-7B05DD157787}.Release|x64.Build.0 = Release|Any CPU
		{91AEBA81-3F70-414C-AB94-7B05DD157787}.Release|x86.ActiveCfg = Release|Any CPU
		{91AEBA81-3F70-414C-AB94-7B05DD157787}.Release|x86.Build.0 = Release|Any CPU
		{33072376-583C-4051-B8D6-C6D5D26E43C9}.Debug|Any CPU.ActiveCfg = Debug|Any CPU
		{33072376-583C-4051-B8D6-C6D5D26E43C9}.Debug|Any CPU.Build.0 = Debug|Any CPU
		{33072376-583C-4051-B8D6-C6D5D26E43C9}.Debug|x64.ActiveCfg = Debug|Any CPU
		{33072376-583C-4051-B8D6-C6D5D26E43C9}.Debug|x64.Build.0 = Debug|Any CPU
		{33072376-583C-4051-B8D6-C6D5D26E43C9}.Debug|x86.ActiveCfg = Debug|Any CPU
		{33072376-583C-4051-B8D6-C6D5D26E43C9}.Debug|x86.Build.0 = Debug|Any CPU
		{33072376-583C-4051-B8D6-C6D5D26E43C9}.Release|Any CPU.ActiveCfg = Release|Any CPU
		{33072376-583C-4051-B8D6-C6D5D26E43C9}.Release|Any CPU.Build.0 = Release|Any CPU
		{33072376-583C-4051-B8D6-C6D5D26E43C9}.Release|x64.ActiveCfg = Release|Any CPU
		{33072376-583C-4051-B8D6-C6D5D26E43C9}.Release|x64.Build.0 = Release|Any CPU
		{33072376-583C-4051-B8D6-C6D5D26E43C9}.Release|x86.ActiveCfg = Release|Any CPU
		{33072376-583C-4051-B8D6-C6D5D26E43C9}.Release|x86.Build.0 = Release|Any CPU
		{FBED639C-43B0-44D5-8EAB-B7C8FB6645A4}.Debug|Any CPU.ActiveCfg = Debug|Any CPU
		{FBED639C-43B0-44D5-8EAB-B7C8FB6645A4}.Debug|Any CPU.Build.0 = Debug|Any CPU
		{FBED639C-43B0-44D5-8EAB-B7C8FB6645A4}.Debug|x64.ActiveCfg = Debug|Any CPU
		{FBED639C-43B0-44D5-8EAB-B7C8FB6645A4}.Debug|x64.Build.0 = Debug|Any CPU
		{FBED639C-43B0-44D5-8EAB-B7C8FB6645A4}.Debug|x86.ActiveCfg = Debug|Any CPU
		{FBED639C-43B0-44D5-8EAB-B7C8FB6645A4}.Debug|x86.Build.0 = Debug|Any CPU
		{FBED639C-43B0-44D5-8EAB-B7C8FB6645A4}.Release|Any CPU.ActiveCfg = Release|Any CPU
		{FBED639C-43B0-44D5-8EAB-B7C8FB6645A4}.Release|Any CPU.Build.0 = Release|Any CPU
		{FBED639C-43B0-44D5-8EAB-B7C8FB6645A4}.Release|x64.ActiveCfg = Release|Any CPU
		{FBED639C-43B0-44D5-8EAB-B7C8FB6645A4}.Release|x64.Build.0 = Release|Any CPU
		{FBED639C-43B0-44D5-8EAB-B7C8FB6645A4}.Release|x86.ActiveCfg = Release|Any CPU
		{FBED639C-43B0-44D5-8EAB-B7C8FB6645A4}.Release|x86.Build.0 = Release|Any CPU
		{50274AE7-4888-4EDB-91BA-31958DAECC43}.Debug|Any CPU.ActiveCfg = Debug|Any CPU
		{50274AE7-4888-4EDB-91BA-31958DAECC43}.Debug|Any CPU.Build.0 = Debug|Any CPU
		{50274AE7-4888-4EDB-91BA-31958DAECC43}.Debug|x64.ActiveCfg = Debug|Any CPU
		{50274AE7-4888-4EDB-91BA-31958DAECC43}.Debug|x64.Build.0 = Debug|Any CPU
		{50274AE7-4888-4EDB-91BA-31958DAECC43}.Debug|x86.ActiveCfg = Debug|Any CPU
		{50274AE7-4888-4EDB-91BA-31958DAECC43}.Debug|x86.Build.0 = Debug|Any CPU
		{50274AE7-4888-4EDB-91BA-31958DAECC43}.Release|Any CPU.ActiveCfg = Release|Any CPU
		{50274AE7-4888-4EDB-91BA-31958DAECC43}.Release|Any CPU.Build.0 = Release|Any CPU
		{50274AE7-4888-4EDB-91BA-31958DAECC43}.Release|x64.ActiveCfg = Release|Any CPU
		{50274AE7-4888-4EDB-91BA-31958DAECC43}.Release|x64.Build.0 = Release|Any CPU
		{50274AE7-4888-4EDB-91BA-31958DAECC43}.Release|x86.ActiveCfg = Release|Any CPU
		{50274AE7-4888-4EDB-91BA-31958DAECC43}.Release|x86.Build.0 = Release|Any CPU
		{1A2139D7-83F5-4A3C-A52F-017281FF96EE}.Debug|Any CPU.ActiveCfg = Debug|Any CPU
		{1A2139D7-83F5-4A3C-A52F-017281FF96EE}.Debug|Any CPU.Build.0 = Debug|Any CPU
		{1A2139D7-83F5-4A3C-A52F-017281FF96EE}.Debug|x64.ActiveCfg = Debug|Any CPU
		{1A2139D7-83F5-4A3C-A52F-017281FF96EE}.Debug|x64.Build.0 = Debug|Any CPU
		{1A2139D7-83F5-4A3C-A52F-017281FF96EE}.Debug|x86.ActiveCfg = Debug|Any CPU
		{1A2139D7-83F5-4A3C-A52F-017281FF96EE}.Debug|x86.Build.0 = Debug|Any CPU
		{1A2139D7-83F5-4A3C-A52F-017281FF96EE}.Release|Any CPU.ActiveCfg = Release|Any CPU
		{1A2139D7-83F5-4A3C-A52F-017281FF96EE}.Release|Any CPU.Build.0 = Release|Any CPU
		{1A2139D7-83F5-4A3C-A52F-017281FF96EE}.Release|x64.ActiveCfg = Release|Any CPU
		{1A2139D7-83F5-4A3C-A52F-017281FF96EE}.Release|x64.Build.0 = Release|Any CPU
		{1A2139D7-83F5-4A3C-A52F-017281FF96EE}.Release|x86.ActiveCfg = Release|Any CPU
		{1A2139D7-83F5-4A3C-A52F-017281FF96EE}.Release|x86.Build.0 = Release|Any CPU
		{43C63942-ED4E-44C2-9564-704793F2A95D}.Debug|Any CPU.ActiveCfg = Debug|Any CPU
		{43C63942-ED4E-44C2-9564-704793F2A95D}.Debug|Any CPU.Build.0 = Debug|Any CPU
		{43C63942-ED4E-44C2-9564-704793F2A95D}.Debug|x64.ActiveCfg = Debug|Any CPU
		{43C63942-ED4E-44C2-9564-704793F2A95D}.Debug|x64.Build.0 = Debug|Any CPU
		{43C63942-ED4E-44C2-9564-704793F2A95D}.Debug|x86.ActiveCfg = Debug|Any CPU
		{43C63942-ED4E-44C2-9564-704793F2A95D}.Debug|x86.Build.0 = Debug|Any CPU
		{43C63942-ED4E-44C2-9564-704793F2A95D}.Release|Any CPU.ActiveCfg = Release|Any CPU
		{43C63942-ED4E-44C2-9564-704793F2A95D}.Release|Any CPU.Build.0 = Release|Any CPU
		{43C63942-ED4E-44C2-9564-704793F2A95D}.Release|x64.ActiveCfg = Release|Any CPU
		{43C63942-ED4E-44C2-9564-704793F2A95D}.Release|x64.Build.0 = Release|Any CPU
		{43C63942-ED4E-44C2-9564-704793F2A95D}.Release|x86.ActiveCfg = Release|Any CPU
		{43C63942-ED4E-44C2-9564-704793F2A95D}.Release|x86.Build.0 = Release|Any CPU
		{763DBBD1-A1F0-47E3-BDEF-654FF9031B49}.Debug|Any CPU.ActiveCfg = Debug|Any CPU
		{763DBBD1-A1F0-47E3-BDEF-654FF9031B49}.Debug|Any CPU.Build.0 = Debug|Any CPU
		{763DBBD1-A1F0-47E3-BDEF-654FF9031B49}.Debug|x64.ActiveCfg = Debug|Any CPU
		{763DBBD1-A1F0-47E3-BDEF-654FF9031B49}.Debug|x64.Build.0 = Debug|Any CPU
		{763DBBD1-A1F0-47E3-BDEF-654FF9031B49}.Debug|x86.ActiveCfg = Debug|Any CPU
		{763DBBD1-A1F0-47E3-BDEF-654FF9031B49}.Debug|x86.Build.0 = Debug|Any CPU
		{763DBBD1-A1F0-47E3-BDEF-654FF9031B49}.Release|Any CPU.ActiveCfg = Release|Any CPU
		{763DBBD1-A1F0-47E3-BDEF-654FF9031B49}.Release|Any CPU.Build.0 = Release|Any CPU
		{763DBBD1-A1F0-47E3-BDEF-654FF9031B49}.Release|x64.ActiveCfg = Release|Any CPU
		{763DBBD1-A1F0-47E3-BDEF-654FF9031B49}.Release|x64.Build.0 = Release|Any CPU
		{763DBBD1-A1F0-47E3-BDEF-654FF9031B49}.Release|x86.ActiveCfg = Release|Any CPU
		{763DBBD1-A1F0-47E3-BDEF-654FF9031B49}.Release|x86.Build.0 = Release|Any CPU
		{AC888770-D7A9-4D38-8886-5F8603951487}.Debug|Any CPU.ActiveCfg = Debug|Any CPU
		{AC888770-D7A9-4D38-8886-5F8603951487}.Debug|Any CPU.Build.0 = Debug|Any CPU
		{AC888770-D7A9-4D38-8886-5F8603951487}.Debug|x64.ActiveCfg = Debug|Any CPU
		{AC888770-D7A9-4D38-8886-5F8603951487}.Debug|x64.Build.0 = Debug|Any CPU
		{AC888770-D7A9-4D38-8886-5F8603951487}.Debug|x86.ActiveCfg = Debug|Any CPU
		{AC888770-D7A9-4D38-8886-5F8603951487}.Debug|x86.Build.0 = Debug|Any CPU
		{AC888770-D7A9-4D38-8886-5F8603951487}.Release|Any CPU.ActiveCfg = Release|Any CPU
		{AC888770-D7A9-4D38-8886-5F8603951487}.Release|Any CPU.Build.0 = Release|Any CPU
		{AC888770-D7A9-4D38-8886-5F8603951487}.Release|x64.ActiveCfg = Release|Any CPU
		{AC888770-D7A9-4D38-8886-5F8603951487}.Release|x64.Build.0 = Release|Any CPU
		{AC888770-D7A9-4D38-8886-5F8603951487}.Release|x86.ActiveCfg = Release|Any CPU
		{AC888770-D7A9-4D38-8886-5F8603951487}.Release|x86.Build.0 = Release|Any CPU
		{B967E68C-464E-4162-879E-FEDFA4FCD81F}.Debug|Any CPU.ActiveCfg = Debug|Any CPU
		{B967E68C-464E-4162-879E-FEDFA4FCD81F}.Debug|Any CPU.Build.0 = Debug|Any CPU
		{B967E68C-464E-4162-879E-FEDFA4FCD81F}.Debug|x64.ActiveCfg = Debug|Any CPU
		{B967E68C-464E-4162-879E-FEDFA4FCD81F}.Debug|x64.Build.0 = Debug|Any CPU
		{B967E68C-464E-4162-879E-FEDFA4FCD81F}.Debug|x86.ActiveCfg = Debug|Any CPU
		{B967E68C-464E-4162-879E-FEDFA4FCD81F}.Debug|x86.Build.0 = Debug|Any CPU
		{B967E68C-464E-4162-879E-FEDFA4FCD81F}.Release|Any CPU.ActiveCfg = Release|Any CPU
		{B967E68C-464E-4162-879E-FEDFA4FCD81F}.Release|Any CPU.Build.0 = Release|Any CPU
		{B967E68C-464E-4162-879E-FEDFA4FCD81F}.Release|x64.ActiveCfg = Release|Any CPU
		{B967E68C-464E-4162-879E-FEDFA4FCD81F}.Release|x64.Build.0 = Release|Any CPU
		{B967E68C-464E-4162-879E-FEDFA4FCD81F}.Release|x86.ActiveCfg = Release|Any CPU
		{B967E68C-464E-4162-879E-FEDFA4FCD81F}.Release|x86.Build.0 = Release|Any CPU
		{B0911DDB-9826-4354-B311-2034E47D6562}.Debug|Any CPU.ActiveCfg = Debug|Any CPU
		{B0911DDB-9826-4354-B311-2034E47D6562}.Debug|Any CPU.Build.0 = Debug|Any CPU
		{B0911DDB-9826-4354-B311-2034E47D6562}.Debug|x64.ActiveCfg = Debug|Any CPU
		{B0911DDB-9826-4354-B311-2034E47D6562}.Debug|x64.Build.0 = Debug|Any CPU
		{B0911DDB-9826-4354-B311-2034E47D6562}.Debug|x86.ActiveCfg = Debug|Any CPU
		{B0911DDB-9826-4354-B311-2034E47D6562}.Debug|x86.Build.0 = Debug|Any CPU
		{B0911DDB-9826-4354-B311-2034E47D6562}.Release|Any CPU.ActiveCfg = Release|Any CPU
		{B0911DDB-9826-4354-B311-2034E47D6562}.Release|Any CPU.Build.0 = Release|Any CPU
		{B0911DDB-9826-4354-B311-2034E47D6562}.Release|x64.ActiveCfg = Release|Any CPU
		{B0911DDB-9826-4354-B311-2034E47D6562}.Release|x64.Build.0 = Release|Any CPU
		{B0911DDB-9826-4354-B311-2034E47D6562}.Release|x86.ActiveCfg = Release|Any CPU
		{B0911DDB-9826-4354-B311-2034E47D6562}.Release|x86.Build.0 = Release|Any CPU
		{652EB7AD-32F9-449F-A25F-1801CBA4E70E}.Debug|Any CPU.ActiveCfg = Debug|Any CPU
		{652EB7AD-32F9-449F-A25F-1801CBA4E70E}.Debug|Any CPU.Build.0 = Debug|Any CPU
		{652EB7AD-32F9-449F-A25F-1801CBA4E70E}.Debug|x64.ActiveCfg = Debug|Any CPU
		{652EB7AD-32F9-449F-A25F-1801CBA4E70E}.Debug|x64.Build.0 = Debug|Any CPU
		{652EB7AD-32F9-449F-A25F-1801CBA4E70E}.Debug|x86.ActiveCfg = Debug|Any CPU
		{652EB7AD-32F9-449F-A25F-1801CBA4E70E}.Debug|x86.Build.0 = Debug|Any CPU
		{652EB7AD-32F9-449F-A25F-1801CBA4E70E}.Release|Any CPU.ActiveCfg = Release|Any CPU
		{652EB7AD-32F9-449F-A25F-1801CBA4E70E}.Release|Any CPU.Build.0 = Release|Any CPU
		{652EB7AD-32F9-449F-A25F-1801CBA4E70E}.Release|x64.ActiveCfg = Release|Any CPU
		{652EB7AD-32F9-449F-A25F-1801CBA4E70E}.Release|x64.Build.0 = Release|Any CPU
		{652EB7AD-32F9-449F-A25F-1801CBA4E70E}.Release|x86.ActiveCfg = Release|Any CPU
		{652EB7AD-32F9-449F-A25F-1801CBA4E70E}.Release|x86.Build.0 = Release|Any CPU
		{BB7A7D4F-E952-4550-9D9E-82C3B2784D9E}.Debug|Any CPU.ActiveCfg = Debug|Any CPU
		{BB7A7D4F-E952-4550-9D9E-82C3B2784D9E}.Debug|Any CPU.Build.0 = Debug|Any CPU
		{BB7A7D4F-E952-4550-9D9E-82C3B2784D9E}.Debug|x64.ActiveCfg = Debug|Any CPU
		{BB7A7D4F-E952-4550-9D9E-82C3B2784D9E}.Debug|x64.Build.0 = Debug|Any CPU
		{BB7A7D4F-E952-4550-9D9E-82C3B2784D9E}.Debug|x86.ActiveCfg = Debug|Any CPU
		{BB7A7D4F-E952-4550-9D9E-82C3B2784D9E}.Debug|x86.Build.0 = Debug|Any CPU
		{BB7A7D4F-E952-4550-9D9E-82C3B2784D9E}.Release|Any CPU.ActiveCfg = Release|Any CPU
		{BB7A7D4F-E952-4550-9D9E-82C3B2784D9E}.Release|Any CPU.Build.0 = Release|Any CPU
		{BB7A7D4F-E952-4550-9D9E-82C3B2784D9E}.Release|x64.ActiveCfg = Release|Any CPU
		{BB7A7D4F-E952-4550-9D9E-82C3B2784D9E}.Release|x64.Build.0 = Release|Any CPU
		{BB7A7D4F-E952-4550-9D9E-82C3B2784D9E}.Release|x86.ActiveCfg = Release|Any CPU
		{BB7A7D4F-E952-4550-9D9E-82C3B2784D9E}.Release|x86.Build.0 = Release|Any CPU
	EndGlobalSection
	GlobalSection(SolutionProperties) = preSolution
		HideSolutionNode = FALSE
	EndGlobalSection
	GlobalSection(NestedProjects) = preSolution
		{EC447DCF-ABFA-6E24-52A5-D7FD48A5C558} = {827E0CD3-B72D-47B6-A68D-7590B98EB39B}
		{262D827D-8DD8-CC1F-F6BF-98699675A866} = {EC447DCF-ABFA-6E24-52A5-D7FD48A5C558}
		{763DBBD1-A1F0-47E3-BDEF-654FF9031B49} = {262D827D-8DD8-CC1F-F6BF-98699675A866}
		{C8E42992-5E42-0C2B-DBFE-AA848D06431C} = {827E0CD3-B72D-47B6-A68D-7590B98EB39B}
		{1C7480F8-29E4-68B4-61CF-C87BD98F0CF8} = {EC447DCF-ABFA-6E24-52A5-D7FD48A5C558}
		{AC888770-D7A9-4D38-8886-5F8603951487} = {1C7480F8-29E4-68B4-61CF-C87BD98F0CF8}
		{AC5A40E2-7F21-4A97-902A-F60720C05535} = {EC447DCF-ABFA-6E24-52A5-D7FD48A5C558}
		{B967E68C-464E-4162-879E-FEDFA4FCD81F} = {AC5A40E2-7F21-4A97-902A-F60720C05535}
		{09A91B6C-79E6-0968-6169-7E6887562B47} = {EC447DCF-ABFA-6E24-52A5-D7FD48A5C558}
		{B0911DDB-9826-4354-B311-2034E47D6562} = {09A91B6C-79E6-0968-6169-7E6887562B47}
		{D8FFEC92-7B82-9F9A-1DD0-A946FFC51E20} = {EC447DCF-ABFA-6E24-52A5-D7FD48A5C558}
		{652EB7AD-32F9-449F-A25F-1801CBA4E70E} = {D8FFEC92-7B82-9F9A-1DD0-A946FFC51E20}
		{397E7A55-D285-C515-153E-84DDD2B9FF92} = {EC447DCF-ABFA-6E24-52A5-D7FD48A5C558}
	EndGlobalSection
EndGlobal
